
Microsoft Visual Studio Solution File, Format Version 12.00
# Visual Studio Version 17
VisualStudioVersion = 17.9.34728.123
MinimumVisualStudioVersion = 10.0.40219.1
Project("{9A19103F-16F7-4668-BE54-9A1E7A4F7556}") = "WebAPIClient", "WebAPIClient\WebAPIClient.csproj", "{5BD40BCA-C179-43CE-A28D-BF1E5A54370F}"
EndProject
Project("{9A19103F-16F7-4668-BE54-9A1E7A4F7556}") = "WebApi", "WebApi\WebApi.csproj", "{EDF2297C-BA79-437C-A273-22F5FBF82379}"
EndProject
Project("{FAE04EC0-301F-11D3-BF4B-00C04F79EFBC}") = "WebApi.Test", "WebApi.Test\WebApi.Test.csproj", "{2B9E63AB-D58B-491A-949F-73DD54D2AEA8}"
EndProject
Global
	GlobalSection(SolutionConfigurationPlatforms) = preSolution
		Debug|Any CPU = Debug|Any CPU
		Release|Any CPU = Release|Any CPU
	EndGlobalSection
	GlobalSection(ProjectConfigurationPlatforms) = postSolution
		{5BD40BCA-C179-43CE-A28D-BF1E5A54370F}.Debug|Any CPU.ActiveCfg = Debug|Any CPU
		{5BD40BCA-C179-43CE-A28D-BF1E5A54370F}.Debug|Any CPU.Build.0 = Debug|Any CPU
		{5BD40BCA-C179-43CE-A28D-BF1E5A54370F}.Release|Any CPU.ActiveCfg = Release|Any CPU
		{5BD40BCA-C179-43CE-A28D-BF1E5A54370F}.Release|Any CPU.Build.0 = Release|Any CPU
		{EDF2297C-BA79-437C-A273-22F5FBF82379}.Debug|Any CPU.ActiveCfg = Debug|Any CPU
		{EDF2297C-BA79-437C-A273-22F5FBF82379}.Debug|Any CPU.Build.0 = Debug|Any CPU
		{EDF2297C-BA79-437C-A273-22F5FBF82379}.Release|Any CPU.ActiveCfg = Release|Any CPU
		{EDF2297C-BA79-437C-A273-22F5FBF82379}.Release|Any CPU.Build.0 = Release|Any CPU
		{2B9E63AB-D58B-491A-949F-73DD54D2AEA8}.Debug|Any CPU.ActiveCfg = Debug|Any CPU
		{2B9E63AB-D58B-491A-949F-73DD54D2AEA8}.Debug|Any CPU.Build.0 = Debug|Any CPU
		{2B9E63AB-D58B-491A-949F-73DD54D2AEA8}.Release|Any CPU.ActiveCfg = Release|Any CPU
		{2B9E63AB-D58B-491A-949F-73DD54D2AEA8}.Release|Any CPU.Build.0 = Release|Any CPU
	EndGlobalSection
	GlobalSection(SolutionProperties) = preSolution
		HideSolutionNode = FALSE
	EndGlobalSection
	GlobalSection(ExtensibilityGlobals) = postSolution
		SolutionGuid = {302A2575-5F91-48AC-B2EF-B46ED087A2BC}
	EndGlobalSection
EndGlobal
